<?xml version="1.0" encoding="utf-8"?>
<Project ToolsVersion="4.0" xmlns="http://schemas.microsoft.com/developer/msbuild/2003">
  <ItemGroup>
    <ClCompile Include="src\debug.cpp" />
    <ClCompile Include="src\debug_control.cpp" />
    <ClCompile Include="src\displayer.cpp" />
    <ClCompile Include="src\file_system_util.cpp" />
    <ClCompile Include="src\game_time.cpp" />
    <ClCompile Include="src\lib_config.cpp" />
    <ClCompile Include="src\logger.cpp" />
    <ClCompile Include="src\lookaside_allocator.cpp" />
    <ClCompile Include="src\server_task.cpp" />
    <ClCompile Include="src\server_task_pool.cpp" />
    <ClCompile Include="src\server_task_pool_wrap.cpp" />
    <ClCompile Include="src\service_task.cpp" />
    <ClCompile Include="src\socket_broad_cast.cpp" />
    <ClCompile Include="src\sstring.cpp" />
    <ClCompile Include="src\string_common.cpp" />
    <ClCompile Include="src\timer.hpp" />
    <ClCompile Include="src\ucstring.cpp" />
    <ClCompile Include="src\mutex.cpp" />
    <ClCompile Include="src\p_thread.cpp" />
    <ClCompile Include="src\shared_memory.cpp" />
    <ClCompile Include="src\win_thread.cpp" />
    <ClCompile Include="src\time\date_time.cpp" />
    <ClCompile Include="src\time\interval_timer.cpp" />
    <ClCompile Include="src\time_gx.cpp" />
    <ClCompile Include="src\time_manager.cpp" />
    <ClCompile Include="src\time\timespan.cpp" />
    <ClCompile Include="src\file_api.cpp" />
    <ClCompile Include="src\ini.cpp" />
    <ClCompile Include="src\path.cpp" />
    <ClCompile Include="src\bit_set.cpp" />
    <ClCompile Include="src\common.cpp" />
    <ClCompile Include="src\lib_init.cpp" />
    <ClCompile Include="src\socket.cpp" />
    <ClCompile Include="src\socket_api.cpp" />
    <ClCompile Include="src\socket_connector.cpp" />
    <ClCompile Include="src\socket_event_loop.cpp" />
    <ClCompile Include="src\socket_event_loop_wrap.cpp" />
    <ClCompile Include="src\socket_handler.cpp" />
    <ClCompile Include="src\socket_input_stream.cpp" />
    <ClCompile Include="src\socket_listener.cpp" />
    <ClCompile Include="src\socket_output_stream.cpp" />
    <ClCompile Include="src\socket_packet_handler.cpp" />
    <ClCompile Include="src\socket_server_connector.cpp" />
    <ClCompile Include="src\socket_server_listener.cpp" />
    <ClCompile Include="src\handler.cpp" />
    <ClCompile Include="src\net_task.cpp" />
    <ClCompile Include="src\task.cpp" />
    <ClCompile Include="src\module_manager.cpp" />
    <ClCompile Include="src\service.cpp" />
    <ClCompile Include="src\mini_server.cpp" />
    <ClCompile Include="src\inifile.cpp" />
    <ClCompile Include="src\module_base.cpp" />
    <ClCompile Include="src\socket_event_loop_wrap_mgr.cpp" />
    <ClCompile Include="src\server_task_pool_wrap_mgr.cpp" />
    <ClCompile Include="src\script\lua_tinker.cpp">
      <Filter>script_impl</Filter>
    </ClCompile>
    <ClCompile Include="src\script\script_lua_inc.cpp">
      <Filter>script_impl</Filter>
    </ClCompile>
    <ClCompile Include="src\database_conn.cpp" />
    <ClCompile Include="src\database_conn_mgr.cpp" />
    <ClCompile Include="src\database_conn_wrap.cpp" />
    <ClCompile Include="src\database_handler.cpp" />
    <ClCompile Include="src\db_single_conn_manager.cpp" />
    <ClCompile Include="src\db_task.cpp" />
    <ClCompile Include="src\script\script_export.cpp">
      <Filter>script_impl</Filter>
    </ClCompile>
    <ClCompile Include="src\script\autobind\CoreLib.cpp">
      <Filter>script_impl\autobind</Filter>
    </ClCompile>
    <ClCompile Include="src\script\tolua_to.cpp">
      <Filter>script_impl\tolua</Filter>
    </ClCompile>
    <ClCompile Include="src\script\tolua_push.cpp">
      <Filter>script_impl\tolua</Filter>
    </ClCompile>
    <ClCompile Include="src\script\tolua_map.cpp">
      <Filter>script_impl\tolua</Filter>
    </ClCompile>
    <ClCompile Include="src\script\tolua_is.cpp">
      <Filter>script_impl\tolua</Filter>
    </ClCompile>
    <ClCompile Include="src\script\tolua_fix.cpp">
      <Filter>script_impl\tolua</Filter>
    </ClCompile>
    <ClCompile Include="src\script\tolua_event.cpp">
      <Filter>script_impl\tolua</Filter>
    </ClCompile>
    <ClCompile Include="src\stream.cpp" />
    <ClCompile Include="src\script\lua_base_conversions.cpp">
      <Filter>script_impl\tolua</Filter>
    </ClCompile>
    <ClCompile Include="src\cpu_time_stat.cpp" />
  </ItemGroup>
  <ItemGroup>
    <ClInclude Include="src\debug.h" />
    <ClInclude Include="src\debug_control.h" />
    <ClInclude Include="src\displayer.h" />
    <ClInclude Include="src\file_system_util.h" />
    <ClInclude Include="src\game_exception.h" />
    <ClInclude Include="src\game_time.h" />
    <ClInclude Include="src\lib_config.h" />
    <ClInclude Include="src\lib_misc.h" />
    <ClInclude Include="src\logger.h" />
    <ClInclude Include="src\fast_index.h" />
    <ClInclude Include="src\log_format.h" />
    <ClInclude Include="src\lookaside_allocator.h" />
    <ClInclude Include="src\msg_queue.h" />
    <ClInclude Include="src\number_class.h" />
    <ClInclude Include="src\obj_mem_fix_empty_pool.h" />
    <ClInclude Include="src\obj_mem_fix_pool.h" />
    <ClInclude Include="src\obj_mem_pool.h" />
    <ClInclude Include="src\parse_misc.h" />
    <ClInclude Include="src\perfor_stat.h" />
    <ClInclude Include="src\server_task.h" />
    <ClInclude Include="src\server_task_pool.h" />
    <ClInclude Include="src\server_task_pool_wrap.h" />
    <ClInclude Include="src\service_task.h" />
    <ClInclude Include="src\socket_broad_cast.h" />
    <ClInclude Include="src\stream_traits.h" />
    <ClInclude Include="src\syn_data_wraper.h" />
    <ClInclude Include="src\fix_string.h" />
    <ClInclude Include="src\sstring.h" />
    <ClInclude Include="src\stream.h" />
    <ClInclude Include="src\string_common.h" />
    <ClInclude Include="src\string_conversion.h" />
    <ClInclude Include="src\string_enum_conv.h" />
    <ClInclude Include="src\string_parse.h" />
    <ClInclude Include="src\string_util.h" />
    <ClInclude Include="src\timer.h" />
    <ClInclude Include="src\ucstring.h" />
    <ClInclude Include="src\mutex.h" />
    <ClInclude Include="src\p_thread.h" />
    <ClInclude Include="src\shared_memory.h" />
    <ClInclude Include="src\tds.h" />
    <ClInclude Include="src\thread.h" />
    <ClInclude Include="src\win_thread.h" />
    <ClInclude Include="src\time\date_time.h" />
    <ClInclude Include="src\time\interval_timer.h" />
    <ClInclude Include="src\time_gx.h" />
    <ClInclude Include="src\time_manager.h" />
    <ClInclude Include="src\time_util.h" />
    <ClInclude Include="src\time_val.h" />
    <ClInclude Include="src\time\timespan.h" />
    <ClInclude Include="src\file_api.h" />
    <ClInclude Include="src\ini.h" />
    <ClInclude Include="src\path.h" />
    <ClInclude Include="src\bit_set.h" />
    <ClInclude Include="src\common.h" />
    <ClInclude Include="src\singleton.h" />
    <ClInclude Include="src\base_util.h" />
    <ClInclude Include="src\hash_util.h" />
    <ClInclude Include="src\interface.h" />
    <ClInclude Include="src\lib_init.h" />
    <ClInclude Include="src\multi_index.h" />
    <ClInclude Include="src\static_construct_enable.h" />
    <ClInclude Include="src\socket.h" />
    <ClInclude Include="src\socket_api.h" />
    <ClInclude Include="src\socket_connector.h" />
    <ClInclude Include="src\socket_errno.h" />
    <ClInclude Include="src\socket_event_loop.h" />
    <ClInclude Include="src\socket_event_loop_wrap.h" />
    <ClInclude Include="src\socket_handler.h" />
    <ClInclude Include="src\socket_input_stream.h" />
    <ClInclude Include="src\socket_listener.h" />
    <ClInclude Include="src\socket_output_stream.h" />
    <ClInclude Include="src\socket_packet_handler.h" />
    <ClInclude Include="src\socket_server_connector.h" />
    <ClInclude Include="src\socket_server_listener.h" />
    <ClInclude Include="src\socket_util.h" />
    <ClInclude Include="src\handler.h" />
    <ClInclude Include="src\net_task.h" />
    <ClInclude Include="src\task.h" />
    <ClInclude Include="src\module_manager.h" />
    <ClInclude Include="src\service.h" />
    <ClInclude Include="src\service_profile.h" />
    <ClInclude Include="src\stdcore.h" />
    <ClInclude Include="src\types_def.h" />
    <ClInclude Include="src\mini_server.h" />
    <ClInclude Include="src\lock_free_queue.h" />
    <ClInclude Include="src\system_util.h" />
    <ClInclude Include="src\memory_util.h" />
    <ClInclude Include="src\math_util.h" />
    <ClInclude Include="src\gxlib_config.h" />
    <ClInclude Include="src\script_object_base.h" />
    <ClInclude Include="src\inifile.h" />
    <ClInclude Include="src\module_base.h" />
    <ClInclude Include="src\socket_event_loop_wrap_mgr.h" />
    <ClInclude Include="src\server_task_pool_wrap_mgr.h" />
    <ClInclude Include="src\script\lua_tinker.h">
      <Filter>script_impl</Filter>
    </ClInclude>
    <ClInclude Include="src\script_helper.h" />
    <ClInclude Include="src\script\script_base.h">
      <Filter>script_impl</Filter>
    </ClInclude>
    <ClInclude Include="src\script\script_lua_inc.h">
      <Filter>script_impl</Filter>
    </ClInclude>
    <ClInclude Include="src\database_conn.h" />
    <ClInclude Include="src\database_conn_mgr.h" />
    <ClInclude Include="src\database_conn_wrap.h" />
    <ClInclude Include="src\database_handler.h" />
    <ClInclude Include="src\database_util.h" />
    <ClInclude Include="src\db_filed_parse.h" />
    <ClInclude Include="src\db_single_conn_manager.h" />
    <ClInclude Include="src\db_struct_base.h" />
    <ClInclude Include="src\db_task.h" />
    <ClInclude Include="src\db_types_def.h" />
    <ClInclude Include="src\db_util.h" />
    <ClInclude Include="src\script\script_export.h">
      <Filter>script_impl</Filter>
    </ClInclude>
    <ClInclude Include="src\script\autobind\CoreLib.hpp">
      <Filter>script_impl\autobind</Filter>
    </ClInclude>
    <ClInclude Include="src\script\tolua++.h">
      <Filter>script_impl\tolua</Filter>
    </ClInclude>
    <ClInclude Include="src\script\tolua_fix.h">
      <Filter>script_impl\tolua</Filter>
    </ClInclude>
    <ClInclude Include="src\script\tolua_event.h">
      <Filter>script_impl\tolua</Filter>
    </ClInclude>
    <ClInclude Include="src\script\lua_base_conversions.h">
      <Filter>script_impl\tolua</Filter>
    </ClInclude>
    <ClInclude Include="src\carray.h" />
    <ClInclude Include="src\stream_impl.h" />
    <ClInclude Include="src\script\lua_base_conversions_impl.h">
      <Filter>script_impl\tolua</Filter>
    </ClInclude>
    <ClInclude Include="src\ScriptDefineFunction.h" />
  </ItemGroup>
  <ItemGroup>
    <None Include="src\tds.inl" />
    <None Include="..\build\linux\debug\makefile" />
    <None Include="src\makefile_d.mk" />
    <None Include="doc\src_doc.txt" />
    <None Include="script\inifile.lua">
      <Filter>script</Filter>
    </None>
    <None Include="src\core_doc.txt">
      <Filter>doc</Filter>
    </None>
    <None Include="doc\readme.txt">
      <Filter>doc</Filter>
    </None>
    <None Include="doc\work.txt">
      <Filter>doc</Filter>
    </None>
    <None Include="src\service.inl" />
    <None Include="..\test\coreserver\coretest.vcxproj" />
    <None Include="src\script\script_base.inl">
      <Filter>script_impl</Filter>
    </None>
    <None Include="src\script\script_lua_inc.inl">
      <Filter>script_impl</Filter>
    </None>
    <None Include="src\db_single_conn_manager.inl" />
    <None Include="core.def" />
    <None Include="..\..\..\exe\coredll\client.lua">
      <Filter>script\testclient</Filter>
    </None>
    <None Include="..\..\..\exe\coredll\client\MainClient.lua">
      <Filter>script\testclient</Filter>
    </None>
    <None Include="..\..\..\exe\coredll\client\PlayerSocketHandler.lua">
      <Filter>script\testclient</Filter>
    </None>
    <None Include="..\..\..\exe\coredll\server.lua">
      <Filter>script\testserver</Filter>
    </None>
    <None Include="..\..\..\exe\coredll\server\MainServer.lua">
      <Filter>script\testserver</Filter>
    </None>
    <None Include="..\..\..\exe\coredll\server\ServerSocketHandler.lua">
      <Filter>script\testserver</Filter>
    </None>
    <None Include="..\..\..\exe\coredll\ProtocolSerial.lua">
      <Filter>script</Filter>
    </None>
  </ItemGroup>
  <ItemGroup>
    <Filter Include="script">
      <UniqueIdentifier>{bcce3a4c-3427-4244-aa4c-51ac23d04bd1}</UniqueIdentifier>
    </Filter>
    <Filter Include="doc">
      <UniqueIdentifier>{26e30a5b-31c0-427d-aedf-62feb28d8c6d}</UniqueIdentifier>
    </Filter>
    <Filter Include="platform">
      <UniqueIdentifier>{214e0686-6c59-4ab4-aeb5-127d6b5ce80c}</UniqueIdentifier>
    </Filter>
    <Filter Include="script_impl">
      <UniqueIdentifier>{26f079bf-bf08-4781-a340-577c083be630}</UniqueIdentifier>
    </Filter>
    <Filter Include="script_impl\autobind">
      <UniqueIdentifier>{7a928df2-dd5d-4567-bc7f-3b9a541704f6}</UniqueIdentifier>
    </Filter>
    <Filter Include="script_impl\tolua">
      <UniqueIdentifier>{1142027a-5f26-44c2-ab6b-3b5273b66865}</UniqueIdentifier>
    </Filter>
    <Filter Include="script\testclient">
      <UniqueIdentifier>{00079b64-4647-48a6-b885-7310914e47e4}</UniqueIdentifier>
    </Filter>
    <Filter Include="script\testserver">
      <UniqueIdentifier>{f2d471d8-9e85-46f6-b12c-13716836c1d6}</UniqueIdentifier>
    </Filter>
  </ItemGroup>
</Project>